
Microsoft Visual Studio Solution File, Format Version 12.00
# Visual Studio Version 16
VisualStudioVersion = 16.0.29503.13
MinimumVisualStudioVersion = 10.0.40219.1
Project("{FAE04EC0-301F-11D3-BF4B-00C04F79EFBC}") = "SoccerStar", "SoccerStar\SoccerStar.csproj", "{B00AC9BA-9793-4594-BEF5-B41655FCE953}"
EndProject
Global
	GlobalSection(SolutionConfigurationPlatforms) = preSolution
		Debug|x86 = Debug|x86
		Release|x86 = Release|x86
	EndGlobalSection
	GlobalSection(ProjectConfigurationPlatforms) = postSolution
		{B00AC9BA-9793-4594-BEF5-B41655FCE953}.Debug|x86.ActiveCfg = Debug|x86
		{B00AC9BA-9793-4594-BEF5-B41655FCE953}.Debug|x86.Build.0 = Debug|x86
		{B00AC9BA-9793-4594-BEF5-B41655FCE953}.Release|x86.ActiveCfg = Release|x86
		{B00AC9BA-9793-4594-BEF5-B41655FCE953}.Release|x86.Build.0 = Release|x86
	EndGlobalSection
	GlobalSection(SolutionProperties) = preSolution
		HideSolutionNode = FALSE
	EndGlobalSection
	GlobalSection(ExtensibilityGlobals) = postSolution
		SolutionGuid = {BC77CDAB-F003-4B69-A569-0553DC7A4EB9}
	EndGlobalSection
EndGlobal
